# This file is autogenerated, do not edit; changes may be undone by the next 'dep ensure'.


[[projects]]
  digest = "1:d3d38150b6d77b2aad42a9e105170538b6563518993d43df78a1add6e31cce62"
  name = "github.com/golang/protobuf"
  packages = [
    "proto",
    "protoc-gen-go/descriptor",
    "ptypes",
    "ptypes/any",
    "ptypes/duration",
    "ptypes/timestamp",
  ]
  pruneopts = ""
  revision = "c823c79ea1570fb5ff454033735a8e68575d1d0f"
  version = "v1.3.0"

[[projects]]
  digest = "1:870d441fe217b8e689d7949fef6e43efbc787e50f200cb1e70dbca9204a1d6be"
  name = "github.com/inconshreveable/mousetrap"
  packages = ["."]
  pruneopts = ""
  revision = "76626ae9c91c4f2a10f34cad8ce83ea42c93bb75"
  version = "v1.0"

[[projects]]
  digest = "1:0cc441f3dfe124dd74f44dd7e466dfc17cc7edff468094fbc3847a96b5ebf6f7"
  name = "github.com/nalej/derrors"
  packages = ["."]
  pruneopts = ""
  revision = "7a6df7f0bb1c7cddfec82c91119f193f6fcbc9d5"
  version = "v2.0.0"

[[projects]]
  digest = "1:8c9a6a0df21ab83fdcc5f34a2b32ff864b01c6c4b402ceb1fdb73b9f216f13e8"
  name = "github.com/nalej/grpc-app-cluster-api-go"
  packages = ["."]
  pruneopts = ""
  revision = "33ed7f25cfb4b8afefea1e7bac149e8c8e15e800"
  version = "v0.0.14"

[[projects]]
  digest = "1:78be745c0683ba966e8aea204315337c74c8e719e34952c53c66d5d148306393"
  name = "github.com/nalej/grpc-application-go"
  packages = ["."]
  pruneopts = ""
  revision = "7769cdfff318a31f0cfef2c42b41a91960a626d6"
  version = "v0.0.55"

[[projects]]
  digest = "1:44f7426538411ea9f774f96e3b102decc9f549b188e55e29ecc15be69542a96b"
  name = "github.com/nalej/grpc-common-go"
  packages = ["."]
  pruneopts = ""
  revision = "e1513decc4192934536180d456748a4c3dec0245"
  version = "v0.0.30"

[[projects]]
  digest = "1:fc00ad606e86b3ef82ed233808936d0138a84c4f11d17e55c9ee0e0613343b98"
  name = "github.com/nalej/grpc-conductor-go"
  packages = ["."]
  pruneopts = ""
  revision = "8b67c6639581af49477ef01a8a8959a305c72d68"
  version = "v0.0.86"

[[projects]]
  digest = "1:5f5bea40cacea90b0ac53d2eb19516d45c321aca19a78b23cb8f189094773de5"
  name = "github.com/nalej/grpc-deployment-manager-go"
  packages = ["."]
  pruneopts = ""
  revision = "1e821a4a94b2bdde393fad39c27dfdc7ad53e06b"
  version = "v0.0.50"

[[projects]]
  digest = "1:6973c345abcc2530f5ae4ddaa179521470a37b9cc8a2b7568227190df7f381e2"
  name = "github.com/nalej/grpc-infrastructure-go"
  packages = ["."]
  pruneopts = ""
  revision = "ea9783c67dc5bf7f6429935c0fdc59eee3f361e1"
  version = "v0.0.32"

[[projects]]
  digest = "1:563634bd58d7111660d55e03735d16f13176027243c5e0d3f2c7f4e2daf2f74b"
  name = "github.com/nalej/grpc-infrastructure-monitor-go"
  packages = ["."]
  pruneopts = ""
  revision = "17cd2b9c7c344556cc15b657a74e84ff70da5eba"
  version = "v0.0.1"

[[projects]]
  digest = "1:9921e275160e1559963d6452a918027db3563746fd03f63369ab104c0fbf16bf"
  name = "github.com/nalej/grpc-organization-go"
  packages = ["."]
  pruneopts = ""
  revision = "c571882666c05213df408ae9da8ab08f71a7a7bb"
  version = "v0.0.28"

[[projects]]
  digest = "1:e179c2d070921679d6497c5df13b3ccb5812a57258b0871efd8cd484f5cdd2a6"
  name = "github.com/nalej/grpc-unified-logging-go"
  packages = ["."]
  pruneopts = ""
  revision = "60f3e95c13426997010080b7170dfcde1fd6a0b2"
  version = "v0.0.2"

[[projects]]
  digest = "1:a55e0792c0a632d14fc0f7a1c4b55ed2973189c2267d7197c2e13b1a44371466"
  name = "github.com/nalej/grpc-utils"
  packages = ["pkg/tools"]
  pruneopts = ""
  revision = "3763d699ec598000c8095dc4d2e86a3ec0a169ff"
  version = "v1.3.1"

[[projects]]
  digest = "1:36de4f001b7f3fca448ba85270a4de8854f5abcb97d02d57be7fd6fc4a39d259"
  name = "github.com/rs/zerolog"
  packages = [
    ".",
    "internal/cbor",
    "internal/json",
    "log",
  ]
  pruneopts = ""
  revision = "6d6350a51143b5c0d0a6a3b736ee2b41315f7269"
  version = "v1.12.0"

[[projects]]
  digest = "1:a1403cc8a94b8d7956ee5e9694badef0e7b051af289caad1cf668331e3ffa4f6"
  name = "github.com/spf13/cobra"
  packages = ["."]
  pruneopts = ""
  revision = "ef82de70bb3f60c65fb8eebacbb2d122ef517385"
  version = "v0.0.3"

[[projects]]
  digest = "1:cbaf13cdbfef0e4734ed8a7504f57fe893d471d62a35b982bf6fb3f036449a66"
  name = "github.com/spf13/pflag"
  packages = ["."]
  pruneopts = ""
  revision = "298182f68c66c05229eb03ac171abe6e309ee79a"
  version = "v1.0.3"

[[projects]]
  branch = "master"
  digest = "1:7489cf41e267d966cbc16d9b98622e7124818af9339d5466aaec4fc736c404c0"
  name = "golang.org/x/net"
  packages = [
    "context",
    "http/httpguts",
    "http2",
    "http2/hpack",
    "idna",
    "internal/timeseries",
    "trace",
  ]
  pruneopts = ""
  revision = "16b79f2e4e95ea23b2bf9903c9809ff7b013ce85"

[[projects]]
  branch = "master"
  digest = "1:d65b7c485c00221348819d9365b2b6bbb9b9042f5bb7ef04a65ad6d34daa4d3b"
  name = "golang.org/x/sys"
  packages = ["unix"]
  pruneopts = ""
  revision = "30e92a19ae4a77dde818b8c3d41d51e4850cba12"

[[projects]]
  digest = "1:5acd3512b047305d49e8763eef7ba423901e85d5dd2fd1e71778a0ea8de10bd4"
  name = "golang.org/x/text"
  packages = [
    "collate",
    "collate/build",
    "internal/colltab",
    "internal/gen",
    "internal/tag",
    "internal/triegen",
    "internal/ucd",
    "language",
    "secure/bidirule",
    "transform",
    "unicode/bidi",
    "unicode/cldr",
    "unicode/norm",
    "unicode/rangetable",
  ]
  pruneopts = ""
  revision = "f21a4dfb5e38f5895301dc265a8def02365cc3d0"
  version = "v0.3.0"

[[projects]]
  branch = "master"
  digest = "1:bedc60c52eb064eca6d7ce3321602522c5f50b6635aa7bc93c5624f1e65f9eda"
  name = "google.golang.org/genproto"
  packages = ["googleapis/rpc/status"]
  pruneopts = ""
  revision = "4f5b463f9597cbe0dd13a6a2cd4f85e788d27508"

[[projects]]
  digest = "1:b6c17b0c657f047118ae59b358950b28515914512cf3de02388cc42e33a92520"
  name = "google.golang.org/grpc"
  packages = [
    ".",
    "balancer",
    "balancer/base",
    "balancer/roundrobin",
    "binarylog/grpc_binarylog_v1",
    "codes",
    "connectivity",
    "credentials",
    "credentials/internal",
    "encoding",
    "encoding/proto",
    "grpclog",
    "internal",
    "internal/backoff",
    "internal/binarylog",
    "internal/channelz",
    "internal/envconfig",
    "internal/grpcrand",
    "internal/grpcsync",
    "internal/syscall",
    "internal/transport",
    "keepalive",
    "metadata",
    "naming",
    "peer",
    "reflection",
    "reflection/grpc_reflection_v1alpha",
    "resolver",
    "resolver/dns",
    "resolver/passthrough",
    "stats",
    "status",
    "tap",
  ]
  pruneopts = ""
  revision = "2fdaae294f38ed9a121193c51ec99fecd3b13eb7"
  version = "v1.19.0"

[solve-meta]
  analyzer-name = "dep"
  analyzer-version = 1
  input-imports = [
    "github.com/nalej/derrors",
    "github.com/nalej/grpc-app-cluster-api-go",
    "github.com/nalej/grpc-common-go",
    "github.com/nalej/grpc-conductor-go",
    "github.com/nalej/grpc-deployment-manager-go",
    "github.com/nalej/grpc-infrastructure-monitor-go",
    "github.com/nalej/grpc-unified-logging-go",
    "github.com/nalej/grpc-utils/pkg/tools",
    "github.com/rs/zerolog",
    "github.com/rs/zerolog/log",
    "github.com/spf13/cobra",
    "google.golang.org/grpc",
    "google.golang.org/grpc/reflection",
  ]
  solver-name = "gps-cdcl"
  solver-version = 1
